
Microsoft Visual Studio Solution File, Format Version 12.00
# Visual Studio Version 16
VisualStudioVersion = 16.0.30611.23
MinimumVisualStudioVersion = 10.0.40219.1
Project("{FAE04EC0-301F-11D3-BF4B-00C04F79EFBC}") = "App", "App\App.csproj", "{44192666-79AC-4888-84A3-5568C8027151}"
EndProject
Project("{FAE04EC0-301F-11D3-BF4B-00C04F79EFBC}") = "CSLibrary", "CSLibrary\CSLibrary.csproj", "{1BA04E94-1F2C-45C8-B115-9FE3A2481048}"
EndProject
Project("{FAE04EC0-301F-11D3-BF4B-00C04F79EFBC}") = "AppUI", "AppUI\AppUI.csproj", "{4461BA13-2C97-4DD9-B0A0-DE81DE9FBCDF}"
EndProject
Project("{2150E333-8FDC-42A3-9474-1A3956D46DE8}") = "Solution Items", "Solution Items", "{1E829601-5D82-4B92-9557-C9F63F0E4781}"
	ProjectSection(SolutionItems) = preProject
		DZtext.txt = DZtext.txt
	EndProjectSection
EndProject
Global
	GlobalSection(SolutionConfigurationPlatforms) = preSolution
		Debug|Any CPU = Debug|Any CPU
		Release|Any CPU = Release|Any CPU
	EndGlobalSection
	GlobalSection(ProjectConfigurationPlatforms) = postSolution
		{44192666-79AC-4888-84A3-5568C8027151}.Debug|Any CPU.ActiveCfg = Debug|Any CPU
		{44192666-79AC-4888-84A3-5568C8027151}.Debug|Any CPU.Build.0 = Debug|Any CPU
		{44192666-79AC-4888-84A3-5568C8027151}.Release|Any CPU.ActiveCfg = Release|Any CPU
		{44192666-79AC-4888-84A3-5568C8027151}.Release|Any CPU.Build.0 = Release|Any CPU
		{1BA04E94-1F2C-45C8-B115-9FE3A2481048}.Debug|Any CPU.ActiveCfg = Debug|Any CPU
		{1BA04E94-1F2C-45C8-B115-9FE3A2481048}.Debug|Any CPU.Build.0 = Debug|Any CPU
		{1BA04E94-1F2C-45C8-B115-9FE3A2481048}.Release|Any CPU.ActiveCfg = Release|Any CPU
		{1BA04E94-1F2C-45C8-B115-9FE3A2481048}.Release|Any CPU.Build.0 = Release|Any CPU
		{4461BA13-2C97-4DD9-B0A0-DE81DE9FBCDF}.Debug|Any CPU.ActiveCfg = Debug|Any CPU
		{4461BA13-2C97-4DD9-B0A0-DE81DE9FBCDF}.Debug|Any CPU.Build.0 = Debug|Any CPU
		{4461BA13-2C97-4DD9-B0A0-DE81DE9FBCDF}.Release|Any CPU.ActiveCfg = Release|Any CPU
		{4461BA13-2C97-4DD9-B0A0-DE81DE9FBCDF}.Release|Any CPU.Build.0 = Release|Any CPU
	EndGlobalSection
	GlobalSection(SolutionProperties) = preSolution
		HideSolutionNode = FALSE
	EndGlobalSection
	GlobalSection(ExtensibilityGlobals) = postSolution
		SolutionGuid = {26C49AEC-B5BA-44B7-B5D7-27112164D43B}
	EndGlobalSection
EndGlobal
